// !$*UTF8*$!
{
	archiveVersion = 1;
	classes = {
	};
	objectVersion = 56;
	objects = {

/* Begin PBXBuildFile section */
		0001000100010001 /* ShellMateApp.swift in Sources */ = {isa = PBXBuildFile; fileRef = 0002000200020002 /* ShellMateApp.swift */; };
		0001000100010002 /* ContentView.swift in Sources */ = {isa = PBXBuildFile; fileRef = 0002000200020003 /* ContentView.swift */; };
		0001000100010003 /* AppDelegate.swift in Sources */ = {isa = PBXBuildFile; fileRef = 0002000200020004 /* AppDelegate.swift */; };
		CV010001 /* ContentViewActions.swift in Sources */ = {isa = PBXBuildFile; fileRef = CV020001 /* ContentViewActions.swift */; };
		CV010002 /* ContentViewToolbar.swift in Sources */ = {isa = PBXBuildFile; fileRef = CV020002 /* ContentViewToolbar.swift */; };
		CV010003 /* ContentViewSheets.swift in Sources */ = {isa = PBXBuildFile; fileRef = CV020003 /* ContentViewSheets.swift */; };
		CV010004 /* ContentViewLifecycleModifier.swift in Sources */ = {isa = PBXBuildFile; fileRef = CV020004 /* ContentViewLifecycleModifier.swift */; };
		CV010005 /* WindowAppKitHelpers.swift in Sources */ = {isa = PBXBuildFile; fileRef = CV020005 /* WindowAppKitHelpers.swift */; };
		0001000100010004 /* Assets.xcassets in Resources */ = {isa = PBXBuildFile; fileRef = 0002000200020005 /* Assets.xcassets */; };
		0001000100010005 /* Preview Assets.xcassets in Resources */ = {isa = PBXBuildFile; fileRef = 0002000200020006 /* Preview Assets.xcassets */; };
		0001000100010006 /* ShellMate.xcdatamodeld in Sources */ = {isa = PBXBuildFile; fileRef = 0002000200020007 /* ShellMate.xcdatamodeld */; };
		0001000100010007 /* PersistenceController.swift in Sources */ = {isa = PBXBuildFile; fileRef = 0002000200020008 /* PersistenceController.swift */; };
		0001000100010008 /* AuthMethod.swift in Sources */ = {isa = PBXBuildFile; fileRef = 0002000200020009 /* AuthMethod.swift */; };
		0001000100010009 /* ConnectionState.swift in Sources */ = {isa = PBXBuildFile; fileRef = 000200020002000A /* ConnectionState.swift */; };
		000100010001000A /* Session.swift in Sources */ = {isa = PBXBuildFile; fileRef = 000200020002000B /* Session.swift */; };
		000100010001000B /* SessionGroup.swift in Sources */ = {isa = PBXBuildFile; fileRef = 000200020002000C /* SessionGroup.swift */; };
		000100010001000C /* SessionRepository.swift in Sources */ = {isa = PBXBuildFile; fileRef = 000200020002000D /* SessionRepository.swift */; };
		000100010001000D /* GroupRepository.swift in Sources */ = {isa = PBXBuildFile; fileRef = 000200020002000E /* GroupRepository.swift */; };
		000100010001000E /* SessionStore.swift in Sources */ = {isa = PBXBuildFile; fileRef = 000200020002000F /* SessionStore.swift */; };
		000100010001000F /* GroupStore.swift in Sources */ = {isa = PBXBuildFile; fileRef = 0002000200020010 /* GroupStore.swift */; };
		0001000100010010 /* DesignTokens.swift in Sources */ = {isa = PBXBuildFile; fileRef = 0002000200020011 /* DesignTokens.swift */; };
		AA0001000000000000000002 /* AppLogger.swift in Sources */ = {isa = PBXBuildFile; fileRef = AA0001000000000000000001 /* AppLogger.swift */; };
		0001000100010011 /* Color+Hex.swift in Sources */ = {isa = PBXBuildFile; fileRef = 0002000200020012 /* Color+Hex.swift */; };
		CX010001 /* Collection+SafeSubscript.swift in Sources */ = {isa = PBXBuildFile; fileRef = CX020001 /* Collection+SafeSubscript.swift */; };
		AC010001 /* AppConstants.swift in Sources */ = {isa = PBXBuildFile; fileRef = AC020001 /* AppConstants.swift */; };
		0001000100010012 /* StatusDotView.swift in Sources */ = {isa = PBXBuildFile; fileRef = 0002000200020013 /* StatusDotView.swift */; };
		0001000100010013 /* TagBadgeView.swift in Sources */ = {isa = PBXBuildFile; fileRef = 0002000200020014 /* TagBadgeView.swift */; };
		0001000100010014 /* EmptyStateView.swift in Sources */ = {isa = PBXBuildFile; fileRef = 0002000200020015 /* EmptyStateView.swift */; };
		0001000100010015 /* SessionSidebarView.swift in Sources */ = {isa = PBXBuildFile; fileRef = 0002000200020016 /* SessionSidebarView.swift */; };
		0001000100010016 /* SessionListView.swift in Sources */ = {isa = PBXBuildFile; fileRef = 0002000200020017 /* SessionListView.swift */; };
		0001000100010017 /* SessionRowView.swift in Sources */ = {isa = PBXBuildFile; fileRef = 0002000200020018 /* SessionRowView.swift */; };
		0001000100010018 /* GroupHeaderView.swift in Sources */ = {isa = PBXBuildFile; fileRef = 0002000200020019 /* GroupHeaderView.swift */; };
		000100010001002D /* GroupManagerView.swift in Sources */ = {isa = PBXBuildFile; fileRef = 0002000200020031 /* GroupManagerView.swift */; };
		0001000100010019 /* SidebarSearchView.swift in Sources */ = {isa = PBXBuildFile; fileRef = 000200020002001A /* SidebarSearchView.swift */; };
		000100010001001A /* SidebarFooterView.swift in Sources */ = {isa = PBXBuildFile; fileRef = 000200020002001B /* SidebarFooterView.swift */; };
		000100010001001B /* SessionFormSheet.swift in Sources */ = {isa = PBXBuildFile; fileRef = 000200020002001C /* SessionFormSheet.swift */; };
		GF010001 /* GroupFormSheet.swift in Sources */ = {isa = PBXBuildFile; fileRef = GF020001 /* GroupFormSheet.swift */; };
		000100010001001C /* SessionBasicTab.swift in Sources */ = {isa = PBXBuildFile; fileRef = 000200020002001D /* SessionBasicTab.swift */; };
		000100010001001D /* SessionAuthTab.swift in Sources */ = {isa = PBXBuildFile; fileRef = 000200020002001E /* SessionAuthTab.swift */; };
		000100010001001E /* SessionAdvancedTab.swift in Sources */ = {isa = PBXBuildFile; fileRef = 000200020002001F /* SessionAdvancedTab.swift */; };
		000100010001001F /* SessionAppearanceTab.swift in Sources */ = {isa = PBXBuildFile; fileRef = 0002000200020020 /* SessionAppearanceTab.swift */; };
		0001000100010021 /* KeychainService.swift in Sources */ = {isa = PBXBuildFile; fileRef = 0002000200020025 /* KeychainService.swift */; };
		0001000100010022 /* TerminalTab.swift in Sources */ = {isa = PBXBuildFile; fileRef = 0002000200020026 /* TerminalTab.swift */; };
		0001000100010023 /* TabBarStore.swift in Sources */ = {isa = PBXBuildFile; fileRef = 0002000200020027 /* TabBarStore.swift */; };
		0001000100010024 /* TerminalTabView.swift in Sources */ = {isa = PBXBuildFile; fileRef = 0002000200020028 /* TerminalTabView.swift */; };
		0001000100010025 /* TerminalTabBarView.swift in Sources */ = {isa = PBXBuildFile; fileRef = 0002000200020029 /* TerminalTabBarView.swift */; };
		0001000100010026 /* TerminalStatusBarView.swift in Sources */ = {isa = PBXBuildFile; fileRef = 000200020002002A /* TerminalStatusBarView.swift */; };
		0001000100010027 /* SSHError.swift in Sources */ = {isa = PBXBuildFile; fileRef = 000200020002002B /* SSHError.swift */; };
		0001000100010028 /* LibSSH2Bridge.swift in Sources */ = {isa = PBXBuildFile; fileRef = 000200020002002C /* LibSSH2Bridge.swift */; };
		0001000100010029 /* LibSSH2BridgeReal.swift in Sources */ = {isa = PBXBuildFile; fileRef = 000200020002002D /* LibSSH2BridgeReal.swift */; };
		000100010001002A /* SSH2Connection.swift in Sources */ = {isa = PBXBuildFile; fileRef = 000200020002002E /* SSH2Connection.swift */; };
		000100010001002B /* libssh2.xcframework in Frameworks */ = {isa = PBXBuildFile; fileRef = 000200020002002F /* libssh2.xcframework */; };
		000100010001002C /* libssh2.xcframework in Embed Frameworks */ = {isa = PBXBuildFile; fileRef = 000200020002002F /* libssh2.xcframework */; settings = {ATTRIBUTES = (CodeSignOnCopy, RemoveHeadersOnCopy, ); }; };
		1BAAF01EE41F4AF6ACCDE3C5 /* SyncInputConfirmView.swift in Sources */ = {isa = PBXBuildFile; fileRef = 29FD8E64E3BA412C87BEDBF1 /* SyncInputConfirmView.swift */; };
		49842E6B49184AE498EDDCBA /* SyncInputStore.swift in Sources */ = {isa = PBXBuildFile; fileRef = F203BE9FA85F4C38915F48CF /* SyncInputStore.swift */; };
		A1010001 /* HighlightSettingsView.swift in Sources */ = {isa = PBXBuildFile; fileRef = A2010001 /* HighlightSettingsView.swift */; };
		A1010002 /* AppearanceSettingsView.swift in Sources */ = {isa = PBXBuildFile; fileRef = A2010002 /* AppearanceSettingsView.swift */; };
		A1010003 /* SecuritySettingsView.swift in Sources */ = {isa = PBXBuildFile; fileRef = A2010003 /* SecuritySettingsView.swift */; };
		A1010004 /* SettingsView.swift in Sources */ = {isa = PBXBuildFile; fileRef = A2010004 /* SettingsView.swift */; };
		A1010005 /* TerminalSettingsView.swift in Sources */ = {isa = PBXBuildFile; fileRef = A2010005 /* TerminalSettingsView.swift */; };
		A1010006 /* CloudSyncSettingsView.swift in Sources */ = {isa = PBXBuildFile; fileRef = A2010006 /* CloudSyncSettingsView.swift */; };
		A1010007 /* PasswordManagerView.swift in Sources */ = {isa = PBXBuildFile; fileRef = A2010007 /* PasswordManagerView.swift */; };
		GS010001 /* GeneralSettingsView.swift in Sources */ = {isa = PBXBuildFile; fileRef = GS020001 /* GeneralSettingsView.swift */; };
		A1010007 /* CredentialVault.swift in Sources */ = {isa = PBXBuildFile; fileRef = A2010007 /* CredentialVault.swift */; };
		SM010001 /* ServerMetrics.swift in Sources */ = {isa = PBXBuildFile; fileRef = SM020001 /* ServerMetrics.swift */; };
		SM010002 /* ServerMetricsMonitor.swift in Sources */ = {isa = PBXBuildFile; fileRef = SM020002 /* ServerMetricsMonitor.swift */; };
		CS010002 /* CommandSafetyChecker.swift in Sources */ = {isa = PBXBuildFile; fileRef = CS020002 /* CommandSafetyChecker.swift */; };
		NM010001 /* NetworkMonitor.swift in Sources */ = {isa = PBXBuildFile; fileRef = NM020001 /* NetworkMonitor.swift */; };
		SFP010001 /* SessionFormatParser.swift in Sources */ = {isa = PBXBuildFile; fileRef = SFP020001 /* SessionFormatParser.swift */; };
		AI010001 /* AIService.swift in Sources */ = {isa = PBXBuildFile; fileRef = AI020001 /* AIService.swift */; };
		AI010002 /* AIAssistantPanelView.swift in Sources */ = {isa = PBXBuildFile; fileRef = AI020002 /* AIAssistantPanelView.swift */; };
		AI010003 /* AIErrorDetectiveView.swift in Sources */ = {isa = PBXBuildFile; fileRef = AI020003 /* AIErrorDetectiveView.swift */; };
		AI010005 /* AISummaryView.swift in Sources */ = {isa = PBXBuildFile; fileRef = AI020005 /* AISummaryView.swift */; };
		AI010006 /* CommandSafetyAlertView.swift in Sources */ = {isa = PBXBuildFile; fileRef = AI020006 /* CommandSafetyAlertView.swift */; };
		AI010004 /* AISettingsView.swift in Sources */ = {isa = PBXBuildFile; fileRef = AI020004 /* AISettingsView.swift */; };
		CS010001 /* ColorsSettingsView.swift in Sources */ = {isa = PBXBuildFile; fileRef = CS020001 /* ColorsSettingsView.swift */; };
		WC010001 /* WelcomeScreenView.swift in Sources */ = {isa = PBXBuildFile; fileRef = WC020001 /* WelcomeScreenView.swift */; };
		A4010001 /* AppVariant.swift in Sources */ = {isa = PBXBuildFile; fileRef = A4020001 /* AppVariant.swift */; };
		SL010001 /* ScriptModels.swift in Sources */ = {isa = PBXBuildFile; fileRef = SL020001 /* ScriptModels.swift */; };
		SL010002 /* ScriptStore.swift in Sources */ = {isa = PBXBuildFile; fileRef = SL020002 /* ScriptStore.swift */; };
		SL010003 /* ScriptLibraryView.swift in Sources */ = {isa = PBXBuildFile; fileRef = SL020003 /* ScriptLibraryView.swift */; };
		SL010004 /* ScriptEditorSheet.swift in Sources */ = {isa = PBXBuildFile; fileRef = SL020004 /* ScriptEditorSheet.swift */; };
		BB010003 /* SwiftTerm in Frameworks */ = {isa = PBXBuildFile; productRef = BB010002 /* SwiftTerm */; };
		BB020002 /* TerminalController.swift in Sources */ = {isa = PBXBuildFile; fileRef = BB020001 /* TerminalController.swift */; };
		BB020004 /* TerminalView.swift in Sources */ = {isa = PBXBuildFile; fileRef = BB020003 /* TerminalView.swift */; };
		LT010001 /* LocalTerminalController.swift in Sources */ = {isa = PBXBuildFile; fileRef = LT020001 /* LocalTerminalController.swift */; };
		LT010002 /* LocalTerminalView.swift in Sources */ = {isa = PBXBuildFile; fileRef = LT020002 /* LocalTerminalView.swift */; };
		SP010001 /* SplitSessionPickerView.swift in Sources */ = {isa = PBXBuildFile; fileRef = SP020001 /* SplitSessionPickerView.swift */; };
		TP010001 /* TerminalPlaceholderView.swift in Sources */ = {isa = PBXBuildFile; fileRef = TP020001 /* TerminalPlaceholderView.swift */; };
		TV010001 /* TerminalTextView.swift in Sources */ = {isa = PBXBuildFile; fileRef = TV020001 /* TerminalTextView.swift */; };
		BB020006 /* TerminalToolbarView.swift in Sources */ = {isa = PBXBuildFile; fileRef = BB020005 /* TerminalToolbarView.swift */; };
		CB58174E97934750946FFCAB /* ShellMateTerminalView.swift in Sources */ = {isa = PBXBuildFile; fileRef = 8B7EE8CDEE4040C38FA27561 /* ShellMateTerminalView.swift */; };
		CC010001 /* FormComponents.swift in Sources */ = {isa = PBXBuildFile; fileRef = CC020001 /* FormComponents.swift */; };
		CC010002 /* HostKeyConfirmationView.swift in Sources */ = {isa = PBXBuildFile; fileRef = CC020002 /* HostKeyConfirmationView.swift */; };
		CC010003 /* HostKeyChangedWarningView.swift in Sources */ = {isa = PBXBuildFile; fileRef = CC020003 /* HostKeyChangedWarningView.swift */; };
		CC010004 /* KnownHostsManager.swift in Sources */ = {isa = PBXBuildFile; fileRef = CC020004 /* KnownHostsManager.swift */; };
		CC010010 /* AppearanceModePickerView.swift in Sources */ = {isa = PBXBuildFile; fileRef = CC020010 /* AppearanceModePickerView.swift */; };
		DD010001 /* SFTPModels.swift in Sources */ = {isa = PBXBuildFile; fileRef = DD020001 /* SFTPModels.swift */; };
		DD010002 /* SFTPSession.swift in Sources */ = {isa = PBXBuildFile; fileRef = DD020002 /* SFTPSession.swift */; };
		DD010003 /* SFTPTransferQueue.swift in Sources */ = {isa = PBXBuildFile; fileRef = DD020003 /* SFTPTransferQueue.swift */; };
		DD010004 /* SFTPPanelView.swift in Sources */ = {isa = PBXBuildFile; fileRef = DD020004 /* SFTPPanelView.swift */; };
		EE010001 /* TunnelModels.swift in Sources */ = {isa = PBXBuildFile; fileRef = EE020001 /* TunnelModels.swift */; };
		EE010002 /* QuickCommandModels.swift in Sources */ = {isa = PBXBuildFile; fileRef = EE020002 /* QuickCommandModels.swift */; };
		EE010003 /* LocalPortForwarder.swift in Sources */ = {isa = PBXBuildFile; fileRef = EE020003 /* LocalPortForwarder.swift */; };
		EE010004 /* RemotePortForwarder.swift in Sources */ = {isa = PBXBuildFile; fileRef = EE020004 /* RemotePortForwarder.swift */; };
		EE010005 /* Socks5Proxy.swift in Sources */ = {isa = PBXBuildFile; fileRef = EE020005 /* Socks5Proxy.swift */; };
		EE010006 /* TunnelManager.swift in Sources */ = {isa = PBXBuildFile; fileRef = EE020006 /* TunnelManager.swift */; };
		EE010007 /* QuickCommandStore.swift in Sources */ = {isa = PBXBuildFile; fileRef = EE020007 /* QuickCommandStore.swift */; };
		EE010008 /* TunnelManagerView.swift in Sources */ = {isa = PBXBuildFile; fileRef = EE020008 /* TunnelManagerView.swift */; };
		EE010009 /* QuickCommandManagerView.swift in Sources */ = {isa = PBXBuildFile; fileRef = EE020009 /* QuickCommandManagerView.swift */; };
		EE010010 /* ComposePaneView.swift in Sources */ = {isa = PBXBuildFile; fileRef = EE020010 /* ComposePaneView.swift */; };
		FA010001 /* SSHConnection.swift in Sources */ = {isa = PBXBuildFile; fileRef = FA020001 /* SSHConnection.swift */; };
		FA010002 /* SSHSessionConfig.swift in Sources */ = {isa = PBXBuildFile; fileRef = FA020002 /* SSHSessionConfig.swift */; };
		FA010003 /* SSHAuthService.swift in Sources */ = {isa = PBXBuildFile; fileRef = FA020003 /* SSHAuthService.swift */; };
		FA010004 /* SSHChannelManager.swift in Sources */ = {isa = PBXBuildFile; fileRef = FA020004 /* SSHChannelManager.swift */; };
		FA010005 /* SSHEventLoop.swift in Sources */ = {isa = PBXBuildFile; fileRef = FA020005 /* SSHEventLoop.swift */; };
		FA010006 /* SSHNetworkUtils.swift in Sources */ = {isa = PBXBuildFile; fileRef = FA020006 /* SSHNetworkUtils.swift */; };
		FA010007 /* SSHProcessBridge.swift in Sources */ = {isa = PBXBuildFile; fileRef = FA020007 /* SSHProcessBridge.swift */; };
		FA010008 /* SSHProxyJump.swift in Sources */ = {isa = PBXBuildFile; fileRef = FA020008 /* SSHProxyJump.swift */; };
		FD0397BF947A490A8E1942CF /* HighlightEngine.swift in Sources */ = {isa = PBXBuildFile; fileRef = 72E81447E44D4107AD35C4B6 /* HighlightEngine.swift */; };
		FF060001 /* SSHConnectionIntegrationTests.swift in Sources */ = {isa = PBXBuildFile; fileRef = FF050001 /* SSHConnectionIntegrationTests.swift */; };
		FF060002 /* MemoryLeakTests.swift in Sources */ = {isa = PBXBuildFile; fileRef = FF050002 /* MemoryLeakTests.swift */; };
		FF060003 /* SessionRepositoryTests.swift in Sources */ = {isa = PBXBuildFile; fileRef = FF050003 /* SessionRepositoryTests.swift */; };
		FF060004 /* GroupRepositoryTests.swift in Sources */ = {isa = PBXBuildFile; fileRef = FF050004 /* GroupRepositoryTests.swift */; };
		FF060005 /* SessionStoreTests.swift in Sources */ = {isa = PBXBuildFile; fileRef = FF050005 /* SessionStoreTests.swift */; };
		FF060006 /* GroupStoreTests.swift in Sources */ = {isa = PBXBuildFile; fileRef = FF050006 /* GroupStoreTests.swift */; };
		FF060099 /* FeatureIntegrationTests.swift in Sources */ = {isa = PBXBuildFile; fileRef = FF050099 /* FeatureIntegrationTests.swift */; };
		L0010001 /* Localizable.strings in Resources */ = {isa = PBXBuildFile; fileRef = L0020001 /* Localizable.strings */; };
		TM010001 /* TmuxModels.swift in Sources */ = {isa = PBXBuildFile; fileRef = TM020001 /* TmuxModels.swift */; };
		TM010002 /* TmuxConfigStore.swift in Sources */ = {isa = PBXBuildFile; fileRef = TM020002 /* TmuxConfigStore.swift */; };
		TM010003 /* TmuxSessionStore.swift in Sources */ = {isa = PBXBuildFile; fileRef = TM020003 /* TmuxSessionStore.swift */; };
		TM010004 /* TmuxManagerView.swift in Sources */ = {isa = PBXBuildFile; fileRef = TM020004 /* TmuxManagerView.swift */; };
		TM010005 /* TmuxNewSessionSheet.swift in Sources */ = {isa = PBXBuildFile; fileRef = TM020005 /* TmuxNewSessionSheet.swift */; };
		CFG010001 /* SSHConfigParser.swift in Sources */ = {isa = PBXBuildFile; fileRef = CFG020001 /* SSHConfigParser.swift */; };
		CFG010002 /* SSHConfigImportView.swift in Sources */ = {isa = PBXBuildFile; fileRef = CFG020002 /* SSHConfigImportView.swift */; };
		IEX010001 /* SessionImportExportView.swift in Sources */ = {isa = PBXBuildFile; fileRef = IEX020001 /* SessionImportExportView.swift */; };
		REC010001 /* SessionRecorder.swift in Sources */ = {isa = PBXBuildFile; fileRef = REC020001 /* SessionRecorder.swift */; };
		REC010002 /* RecordingDialogView.swift in Sources */ = {isa = PBXBuildFile; fileRef = REC020002 /* RecordingDialogView.swift */; };
		LOG010001 /* LogPanelView.swift in Sources */ = {isa = PBXBuildFile; fileRef = LOG020001 /* LogPanelView.swift */; };
		SLS010001 /* SessionLogStore.swift in Sources */ = {isa = PBXBuildFile; fileRef = SLS020001 /* SessionLogStore.swift */; };
		MON010001 /* ServerMonitorPanelView.swift in Sources */ = {isa = PBXBuildFile; fileRef = MON020001 /* ServerMonitorPanelView.swift */; };
		CE010001 /* ConnectionErrorView.swift in Sources */ = {isa = PBXBuildFile; fileRef = CE020001 /* ConnectionErrorView.swift */; };
		HW010001 /* HotkeyWindowManager.swift in Sources */ = {isa = PBXBuildFile; fileRef = HW020001 /* HotkeyWindowManager.swift */; };
/* End PBXBuildFile section */

/* Begin PBXContainerItemProxy section */
		FF080001 /* PBXContainerItemProxy */ = {
			isa = PBXContainerItemProxy;
			containerPortal = 0006000600060001 /* Project object */;
			proxyType = 1;
			remoteGlobalIDString = 0005000500050001;
			remoteInfo = ShellMate;
		};
/* End PBXContainerItemProxy section */

/* Begin PBXCopyFilesBuildPhase section */
		0003000300030002 /* Embed Frameworks */ = {
			isa = PBXCopyFilesBuildPhase;
			buildActionMask = 2147483647;
			dstPath = "";
			dstSubfolderSpec = 10;
			files = (
				000100010001002C /* libssh2.xcframework in Embed Frameworks */,
			);
			name = "Embed Frameworks";
			runOnlyForDeploymentPostprocessing = 0;
		};
/* End PBXCopyFilesBuildPhase section */

/* Begin PBXFileReference section */
		0002000200020001 /* ShellMate.app */ = {isa = PBXFileReference; explicitFileType = wrapper.application; includeInIndex = 0; path = ShellMate.app; sourceTree = BUILT_PRODUCTS_DIR; };
		0002000200020002 /* ShellMateApp.swift */ = {isa = PBXFileReference; lastKnownFileType = sourcecode.swift; path = ShellMateApp.swift; sourceTree = "<group>"; };
		0002000200020003 /* ContentView.swift */ = {isa = PBXFileReference; lastKnownFileType = sourcecode.swift; path = ContentView.swift; sourceTree = "<group>"; };
		0002000200020004 /* AppDelegate.swift */ = {isa = PBXFileReference; lastKnownFileType = sourcecode.swift; path = AppDelegate.swift; sourceTree = "<group>"; };
		CV020001 /* ContentViewActions.swift */ = {isa = PBXFileReference; lastKnownFileType = sourcecode.swift; path = ContentViewActions.swift; sourceTree = "<group>"; };
		CV020002 /* ContentViewToolbar.swift */ = {isa = PBXFileReference; lastKnownFileType = sourcecode.swift; path = ContentViewToolbar.swift; sourceTree = "<group>"; };
		CV020003 /* ContentViewSheets.swift */ = {isa = PBXFileReference; lastKnownFileType = sourcecode.swift; path = ContentViewSheets.swift; sourceTree = "<group>"; };
		CV020004 /* ContentViewLifecycleModifier.swift */ = {isa = PBXFileReference; lastKnownFileType = sourcecode.swift; path = ContentViewLifecycleModifier.swift; sourceTree = "<group>"; };
		CV020005 /* WindowAppKitHelpers.swift */ = {isa = PBXFileReference; lastKnownFileType = sourcecode.swift; path = WindowAppKitHelpers.swift; sourceTree = "<group>"; };
		0002000200020005 /* Assets.xcassets */ = {isa = PBXFileReference; lastKnownFileType = folder.assetcatalog; path = Assets.xcassets; sourceTree = "<group>"; };
		0002000200020006 /* Preview Assets.xcassets */ = {isa = PBXFileReference; lastKnownFileType = folder.assetcatalog; path = "Preview Assets.xcassets"; sourceTree = "<group>"; };
		0002000200020008 /* PersistenceController.swift */ = {isa = PBXFileReference; lastKnownFileType = sourcecode.swift; path = PersistenceController.swift; sourceTree = "<group>"; };
		0002000200020009 /* AuthMethod.swift */ = {isa = PBXFileReference; lastKnownFileType = sourcecode.swift; path = AuthMethod.swift; sourceTree = "<group>"; };
		000200020002000A /* ConnectionState.swift */ = {isa = PBXFileReference; lastKnownFileType = sourcecode.swift; path = ConnectionState.swift; sourceTree = "<group>"; };
		000200020002000B /* Session.swift */ = {isa = PBXFileReference; lastKnownFileType = sourcecode.swift; path = Session.swift; sourceTree = "<group>"; };
		000200020002000C /* SessionGroup.swift */ = {isa = PBXFileReference; lastKnownFileType = sourcecode.swift; path = SessionGroup.swift; sourceTree = "<group>"; };
		000200020002000D /* SessionRepository.swift */ = {isa = PBXFileReference; lastKnownFileType = sourcecode.swift; path = SessionRepository.swift; sourceTree = "<group>"; };
		000200020002000E /* GroupRepository.swift */ = {isa = PBXFileReference; lastKnownFileType = sourcecode.swift; path = GroupRepository.swift; sourceTree = "<group>"; };
		000200020002000F /* SessionStore.swift */ = {isa = PBXFileReference; lastKnownFileType = sourcecode.swift; path = SessionStore.swift; sourceTree = "<group>"; };
		0002000200020010 /* GroupStore.swift */ = {isa = PBXFileReference; lastKnownFileType = sourcecode.swift; path = GroupStore.swift; sourceTree = "<group>"; };
		0002000200020011 /* DesignTokens.swift */ = {isa = PBXFileReference; lastKnownFileType = sourcecode.swift; path = DesignTokens.swift; sourceTree = "<group>"; };
		AA0001000000000000000001 /* AppLogger.swift */ = {isa = PBXFileReference; lastKnownFileType = sourcecode.swift; path = AppLogger.swift; sourceTree = "<group>"; };
		0002000200020012 /* Color+Hex.swift */ = {isa = PBXFileReference; lastKnownFileType = sourcecode.swift; path = "Color+Hex.swift"; sourceTree = "<group>"; };
		CX020001 /* Collection+SafeSubscript.swift */ = {isa = PBXFileReference; lastKnownFileType = sourcecode.swift; path = "Collection+SafeSubscript.swift"; sourceTree = "<group>"; };
		AC020001 /* AppConstants.swift */ = {isa = PBXFileReference; lastKnownFileType = sourcecode.swift; path = AppConstants.swift; sourceTree = "<group>"; };
		0002000200020013 /* StatusDotView.swift */ = {isa = PBXFileReference; lastKnownFileType = sourcecode.swift; path = StatusDotView.swift; sourceTree = "<group>"; };
		0002000200020014 /* TagBadgeView.swift */ = {isa = PBXFileReference; lastKnownFileType = sourcecode.swift; path = TagBadgeView.swift; sourceTree = "<group>"; };
		0002000200020015 /* EmptyStateView.swift */ = {isa = PBXFileReference; lastKnownFileType = sourcecode.swift; path = EmptyStateView.swift; sourceTree = "<group>"; };
		0002000200020016 /* SessionSidebarView.swift */ = {isa = PBXFileReference; lastKnownFileType = sourcecode.swift; path = SessionSidebarView.swift; sourceTree = "<group>"; };
		0002000200020017 /* SessionListView.swift */ = {isa = PBXFileReference; lastKnownFileType = sourcecode.swift; path = SessionListView.swift; sourceTree = "<group>"; };
		0002000200020018 /* SessionRowView.swift */ = {isa = PBXFileReference; lastKnownFileType = sourcecode.swift; path = SessionRowView.swift; sourceTree = "<group>"; };
		0002000200020019 /* GroupHeaderView.swift */ = {isa = PBXFileReference; lastKnownFileType = sourcecode.swift; path = GroupHeaderView.swift; sourceTree = "<group>"; };
		0002000200020031 /* GroupManagerView.swift */ = {isa = PBXFileReference; lastKnownFileType = sourcecode.swift; path = GroupManagerView.swift; sourceTree = "<group>"; };
		000200020002001A /* SidebarSearchView.swift */ = {isa = PBXFileReference; lastKnownFileType = sourcecode.swift; path = SidebarSearchView.swift; sourceTree = "<group>"; };
		000200020002001B /* SidebarFooterView.swift */ = {isa = PBXFileReference; lastKnownFileType = sourcecode.swift; path = SidebarFooterView.swift; sourceTree = "<group>"; };
		000200020002001C /* SessionFormSheet.swift */ = {isa = PBXFileReference; lastKnownFileType = sourcecode.swift; path = SessionFormSheet.swift; sourceTree = "<group>"; };
		GF020001 /* GroupFormSheet.swift */ = {isa = PBXFileReference; lastKnownFileType = sourcecode.swift; path = GroupFormSheet.swift; sourceTree = "<group>"; };
		000200020002001D /* SessionBasicTab.swift */ = {isa = PBXFileReference; lastKnownFileType = sourcecode.swift; path = SessionBasicTab.swift; sourceTree = "<group>"; };
		000200020002001E /* SessionAuthTab.swift */ = {isa = PBXFileReference; lastKnownFileType = sourcecode.swift; path = SessionAuthTab.swift; sourceTree = "<group>"; };
		000200020002001F /* SessionAdvancedTab.swift */ = {isa = PBXFileReference; lastKnownFileType = sourcecode.swift; path = SessionAdvancedTab.swift; sourceTree = "<group>"; };
		0002000200020020 /* SessionAppearanceTab.swift */ = {isa = PBXFileReference; lastKnownFileType = sourcecode.swift; path = SessionAppearanceTab.swift; sourceTree = "<group>"; };
		0002000200020022 /* ShellMate.entitlements */ = {isa = PBXFileReference; lastKnownFileType = text.plist.entitlements; path = ShellMate.entitlements; sourceTree = "<group>"; };
		0002000200020023 /* Info.plist */ = {isa = PBXFileReference; lastKnownFileType = text.plist.xml; path = Info.plist; sourceTree = "<group>"; };
		0002000200020024 /* ShellMate.xcdatamodel */ = {isa = PBXFileReference; lastKnownFileType = wrapper.xcdatamodel; path = ShellMate.xcdatamodel; sourceTree = "<group>"; };
		0002000200020025 /* KeychainService.swift */ = {isa = PBXFileReference; lastKnownFileType = sourcecode.swift; path = KeychainService.swift; sourceTree = "<group>"; };
		0002000200020026 /* TerminalTab.swift */ = {isa = PBXFileReference; lastKnownFileType = sourcecode.swift; path = TerminalTab.swift; sourceTree = "<group>"; };
		0002000200020027 /* TabBarStore.swift */ = {isa = PBXFileReference; lastKnownFileType = sourcecode.swift; path = TabBarStore.swift; sourceTree = "<group>"; };
		0002000200020028 /* TerminalTabView.swift */ = {isa = PBXFileReference; lastKnownFileType = sourcecode.swift; path = TerminalTabView.swift; sourceTree = "<group>"; };
		0002000200020029 /* TerminalTabBarView.swift */ = {isa = PBXFileReference; lastKnownFileType = sourcecode.swift; path = TerminalTabBarView.swift; sourceTree = "<group>"; };
		000200020002002A /* TerminalStatusBarView.swift */ = {isa = PBXFileReference; lastKnownFileType = sourcecode.swift; path = TerminalStatusBarView.swift; sourceTree = "<group>"; };
		000200020002002B /* SSHError.swift */ = {isa = PBXFileReference; lastKnownFileType = sourcecode.swift; path = SSHError.swift; sourceTree = "<group>"; };
		000200020002002C /* LibSSH2Bridge.swift */ = {isa = PBXFileReference; lastKnownFileType = sourcecode.swift; path = LibSSH2Bridge.swift; sourceTree = "<group>"; };
		000200020002002D /* LibSSH2BridgeReal.swift */ = {isa = PBXFileReference; lastKnownFileType = sourcecode.swift; path = LibSSH2BridgeReal.swift; sourceTree = "<group>"; };
		000200020002002E /* SSH2Connection.swift */ = {isa = PBXFileReference; lastKnownFileType = sourcecode.swift; path = SSH2Connection.swift; sourceTree = "<group>"; };
		000200020002002F /* libssh2.xcframework */ = {isa = PBXFileReference; lastKnownFileType = wrapper.xcframework; name = libssh2.xcframework; path = ../Frameworks/libssh2.xcframework; sourceTree = "<group>"; };
		0002000200020030 /* ShellMate-Bridging-Header.h */ = {isa = PBXFileReference; lastKnownFileType = sourcecode.c.h; path = "ShellMate-Bridging-Header.h"; sourceTree = "<group>"; };
		29FD8E64E3BA412C87BEDBF1 /* SyncInputConfirmView.swift */ = {isa = PBXFileReference; lastKnownFileType = sourcecode.swift; path = SyncInputConfirmView.swift; sourceTree = "<group>"; };
		72E81447E44D4107AD35C4B6 /* HighlightEngine.swift */ = {isa = PBXFileReference; lastKnownFileType = sourcecode.swift; path = HighlightEngine.swift; sourceTree = "<group>"; };
		8B7EE8CDEE4040C38FA27561 /* ShellMateTerminalView.swift */ = {isa = PBXFileReference; lastKnownFileType = sourcecode.swift; path = ShellMateTerminalView.swift; sourceTree = "<group>"; };
		A2010001 /* HighlightSettingsView.swift */ = {isa = PBXFileReference; lastKnownFileType = sourcecode.swift; path = HighlightSettingsView.swift; sourceTree = "<group>"; };
		A2010002 /* AppearanceSettingsView.swift */ = {isa = PBXFileReference; lastKnownFileType = sourcecode.swift; path = AppearanceSettingsView.swift; sourceTree = "<group>"; };
		A2010003 /* SecuritySettingsView.swift */ = {isa = PBXFileReference; lastKnownFileType = sourcecode.swift; path = SecuritySettingsView.swift; sourceTree = "<group>"; };
		A2010004 /* SettingsView.swift */ = {isa = PBXFileReference; lastKnownFileType = sourcecode.swift; path = SettingsView.swift; sourceTree = "<group>"; };
		A2010005 /* TerminalSettingsView.swift */ = {isa = PBXFileReference; lastKnownFileType = sourcecode.swift; path = TerminalSettingsView.swift; sourceTree = "<group>"; };
		A2010006 /* CloudSyncSettingsView.swift */ = {isa = PBXFileReference; lastKnownFileType = sourcecode.swift; path = CloudSyncSettingsView.swift; sourceTree = "<group>"; };
		A2010007 /* PasswordManagerView.swift */ = {isa = PBXFileReference; lastKnownFileType = sourcecode.swift; path = PasswordManagerView.swift; sourceTree = "<group>"; };
		GS020001 /* GeneralSettingsView.swift */ = {isa = PBXFileReference; lastKnownFileType = sourcecode.swift; path = GeneralSettingsView.swift; sourceTree = "<group>"; };
		A2010007 /* CredentialVault.swift */ = {isa = PBXFileReference; lastKnownFileType = sourcecode.swift; path = CredentialVault.swift; sourceTree = "<group>"; };
		SM020001 /* ServerMetrics.swift */ = {isa = PBXFileReference; lastKnownFileType = sourcecode.swift; path = ServerMetrics.swift; sourceTree = "<group>"; };
		SM020002 /* ServerMetricsMonitor.swift */ = {isa = PBXFileReference; lastKnownFileType = sourcecode.swift; path = ServerMetricsMonitor.swift; sourceTree = "<group>"; };
		CS020002 /* CommandSafetyChecker.swift */ = {isa = PBXFileReference; lastKnownFileType = sourcecode.swift; path = CommandSafetyChecker.swift; sourceTree = "<group>"; };
		NM020001 /* NetworkMonitor.swift */ = {isa = PBXFileReference; lastKnownFileType = sourcecode.swift; path = NetworkMonitor.swift; sourceTree = "<group>"; };
		SFP020001 /* SessionFormatParser.swift */ = {isa = PBXFileReference; lastKnownFileType = sourcecode.swift; path = SessionFormatParser.swift; sourceTree = "<group>"; };
		AI020001 /* AIService.swift */ = {isa = PBXFileReference; lastKnownFileType = sourcecode.swift; path = AIService.swift; sourceTree = "<group>"; };
		AI020002 /* AIAssistantPanelView.swift */ = {isa = PBXFileReference; lastKnownFileType = sourcecode.swift; path = AIAssistantPanelView.swift; sourceTree = "<group>"; };
		AI020003 /* AIErrorDetectiveView.swift */ = {isa = PBXFileReference; lastKnownFileType = sourcecode.swift; path = AIErrorDetectiveView.swift; sourceTree = "<group>"; };
		AI020005 /* AISummaryView.swift */ = {isa = PBXFileReference; lastKnownFileType = sourcecode.swift; path = AISummaryView.swift; sourceTree = "<group>"; };
		AI020006 /* CommandSafetyAlertView.swift */ = {isa = PBXFileReference; lastKnownFileType = sourcecode.swift; path = CommandSafetyAlertView.swift; sourceTree = "<group>"; };
		AI020004 /* AISettingsView.swift */ = {isa = PBXFileReference; lastKnownFileType = sourcecode.swift; path = AISettingsView.swift; sourceTree = "<group>"; };
		CS020001 /* ColorsSettingsView.swift */ = {isa = PBXFileReference; lastKnownFileType = sourcecode.swift; path = ColorsSettingsView.swift; sourceTree = "<group>"; };
		WC020001 /* WelcomeScreenView.swift */ = {isa = PBXFileReference; lastKnownFileType = sourcecode.swift; path = WelcomeScreenView.swift; sourceTree = "<group>"; };
		A4020001 /* AppVariant.swift */ = {isa = PBXFileReference; lastKnownFileType = sourcecode.swift; path = AppVariant.swift; sourceTree = "<group>"; };
		SL020001 /* ScriptModels.swift */ = {isa = PBXFileReference; lastKnownFileType = sourcecode.swift; path = ScriptModels.swift; sourceTree = "<group>"; };
		SL020002 /* ScriptStore.swift */ = {isa = PBXFileReference; lastKnownFileType = sourcecode.swift; path = ScriptStore.swift; sourceTree = "<group>"; };
		SL020003 /* ScriptLibraryView.swift */ = {isa = PBXFileReference; lastKnownFileType = sourcecode.swift; path = ScriptLibraryView.swift; sourceTree = "<group>"; };
		SL020004 /* ScriptEditorSheet.swift */ = {isa = PBXFileReference; lastKnownFileType = sourcecode.swift; path = ScriptEditorSheet.swift; sourceTree = "<group>"; };
		BB020001 /* TerminalController.swift */ = {isa = PBXFileReference; lastKnownFileType = sourcecode.swift; path = TerminalController.swift; sourceTree = "<group>"; };
		BB020003 /* TerminalView.swift */ = {isa = PBXFileReference; lastKnownFileType = sourcecode.swift; path = TerminalView.swift; sourceTree = "<group>"; };
		LT020001 /* LocalTerminalController.swift */ = {isa = PBXFileReference; lastKnownFileType = sourcecode.swift; path = LocalTerminalController.swift; sourceTree = "<group>"; };
		LT020002 /* LocalTerminalView.swift */ = {isa = PBXFileReference; lastKnownFileType = sourcecode.swift; path = LocalTerminalView.swift; sourceTree = "<group>"; };
		SP020001 /* SplitSessionPickerView.swift */ = {isa = PBXFileReference; lastKnownFileType = sourcecode.swift; path = SplitSessionPickerView.swift; sourceTree = "<group>"; };
		TP020001 /* TerminalPlaceholderView.swift */ = {isa = PBXFileReference; lastKnownFileType = sourcecode.swift; path = TerminalPlaceholderView.swift; sourceTree = "<group>"; };
		TV020001 /* TerminalTextView.swift */ = {isa = PBXFileReference; lastKnownFileType = sourcecode.swift; path = TerminalTextView.swift; sourceTree = "<group>"; };
		BB020005 /* TerminalToolbarView.swift */ = {isa = PBXFileReference; lastKnownFileType = sourcecode.swift; path = TerminalToolbarView.swift; sourceTree = "<group>"; };
		CC020001 /* FormComponents.swift */ = {isa = PBXFileReference; lastKnownFileType = sourcecode.swift; path = FormComponents.swift; sourceTree = "<group>"; };
		CC020002 /* HostKeyConfirmationView.swift */ = {isa = PBXFileReference; lastKnownFileType = sourcecode.swift; path = HostKeyConfirmationView.swift; sourceTree = "<group>"; };
		CC020003 /* HostKeyChangedWarningView.swift */ = {isa = PBXFileReference; lastKnownFileType = sourcecode.swift; path = HostKeyChangedWarningView.swift; sourceTree = "<group>"; };
		CC020004 /* KnownHostsManager.swift */ = {isa = PBXFileReference; lastKnownFileType = sourcecode.swift; path = KnownHostsManager.swift; sourceTree = "<group>"; };
		CC020010 /* AppearanceModePickerView.swift */ = {isa = PBXFileReference; lastKnownFileType = sourcecode.swift; path = AppearanceModePickerView.swift; sourceTree = "<group>"; };
		DD020001 /* SFTPModels.swift */ = {isa = PBXFileReference; lastKnownFileType = sourcecode.swift; path = SFTPModels.swift; sourceTree = "<group>"; };
		DD020002 /* SFTPSession.swift */ = {isa = PBXFileReference; lastKnownFileType = sourcecode.swift; path = SFTPSession.swift; sourceTree = "<group>"; };
		DD020003 /* SFTPTransferQueue.swift */ = {isa = PBXFileReference; lastKnownFileType = sourcecode.swift; path = SFTPTransferQueue.swift; sourceTree = "<group>"; };
		DD020004 /* SFTPPanelView.swift */ = {isa = PBXFileReference; lastKnownFileType = sourcecode.swift; path = SFTPPanelView.swift; sourceTree = "<group>"; };
		EE020001 /* TunnelModels.swift */ = {isa = PBXFileReference; lastKnownFileType = sourcecode.swift; path = TunnelModels.swift; sourceTree = "<group>"; };
		EE020002 /* QuickCommandModels.swift */ = {isa = PBXFileReference; lastKnownFileType = sourcecode.swift; path = QuickCommandModels.swift; sourceTree = "<group>"; };
		EE020003 /* LocalPortForwarder.swift */ = {isa = PBXFileReference; lastKnownFileType = sourcecode.swift; path = LocalPortForwarder.swift; sourceTree = "<group>"; };
		EE020004 /* RemotePortForwarder.swift */ = {isa = PBXFileReference; lastKnownFileType = sourcecode.swift; path = RemotePortForwarder.swift; sourceTree = "<group>"; };
		EE020005 /* Socks5Proxy.swift */ = {isa = PBXFileReference; lastKnownFileType = sourcecode.swift; path = Socks5Proxy.swift; sourceTree = "<group>"; };
		EE020006 /* TunnelManager.swift */ = {isa = PBXFileReference; lastKnownFileType = sourcecode.swift; path = TunnelManager.swift; sourceTree = "<group>"; };
		EE020007 /* QuickCommandStore.swift */ = {isa = PBXFileReference; lastKnownFileType = sourcecode.swift; path = QuickCommandStore.swift; sourceTree = "<group>"; };
		EE020008 /* TunnelManagerView.swift */ = {isa = PBXFileReference; lastKnownFileType = sourcecode.swift; path = TunnelManagerView.swift; sourceTree = "<group>"; };
		EE020009 /* QuickCommandManagerView.swift */ = {isa = PBXFileReference; lastKnownFileType = sourcecode.swift; path = QuickCommandManagerView.swift; sourceTree = "<group>"; };
		EE020010 /* ComposePaneView.swift */ = {isa = PBXFileReference; lastKnownFileType = sourcecode.swift; path = ComposePaneView.swift; sourceTree = "<group>"; };
		F203BE9FA85F4C38915F48CF /* SyncInputStore.swift */ = {isa = PBXFileReference; lastKnownFileType = sourcecode.swift; path = SyncInputStore.swift; sourceTree = "<group>"; };
		FA020001 /* SSHConnection.swift */ = {isa = PBXFileReference; lastKnownFileType = sourcecode.swift; path = SSHConnection.swift; sourceTree = "<group>"; };
		FA020002 /* SSHSessionConfig.swift */ = {isa = PBXFileReference; lastKnownFileType = sourcecode.swift; path = SSHSessionConfig.swift; sourceTree = "<group>"; };
		FA020003 /* SSHAuthService.swift */ = {isa = PBXFileReference; lastKnownFileType = sourcecode.swift; path = SSHAuthService.swift; sourceTree = "<group>"; };
		FA020004 /* SSHChannelManager.swift */ = {isa = PBXFileReference; lastKnownFileType = sourcecode.swift; path = SSHChannelManager.swift; sourceTree = "<group>"; };
		FA020005 /* SSHEventLoop.swift */ = {isa = PBXFileReference; lastKnownFileType = sourcecode.swift; path = SSHEventLoop.swift; sourceTree = "<group>"; };
		FA020006 /* SSHNetworkUtils.swift */ = {isa = PBXFileReference; lastKnownFileType = sourcecode.swift; path = SSHNetworkUtils.swift; sourceTree = "<group>"; };
		FA020007 /* SSHProcessBridge.swift */ = {isa = PBXFileReference; lastKnownFileType = sourcecode.swift; path = SSHProcessBridge.swift; sourceTree = "<group>"; };
		FA020008 /* SSHProxyJump.swift */ = {isa = PBXFileReference; lastKnownFileType = sourcecode.swift; path = SSHProxyJump.swift; sourceTree = "<group>"; };
		FF040001 /* ShellMateTests.xctest */ = {isa = PBXFileReference; explicitFileType = wrapper.cfbundle; includeInIndex = 0; path = ShellMateTests.xctest; sourceTree = BUILT_PRODUCTS_DIR; };
		FF050001 /* SSHConnectionIntegrationTests.swift */ = {isa = PBXFileReference; lastKnownFileType = sourcecode.swift; path = SSHConnectionIntegrationTests.swift; sourceTree = "<group>"; };
		FF050002 /* MemoryLeakTests.swift */ = {isa = PBXFileReference; lastKnownFileType = sourcecode.swift; path = MemoryLeakTests.swift; sourceTree = "<group>"; };
		FF050003 /* SessionRepositoryTests.swift */ = {isa = PBXFileReference; lastKnownFileType = sourcecode.swift; path = SessionRepositoryTests.swift; sourceTree = "<group>"; };
		FF050004 /* GroupRepositoryTests.swift */ = {isa = PBXFileReference; lastKnownFileType = sourcecode.swift; path = GroupRepositoryTests.swift; sourceTree = "<group>"; };
		FF050005 /* SessionStoreTests.swift */ = {isa = PBXFileReference; lastKnownFileType = sourcecode.swift; path = SessionStoreTests.swift; sourceTree = "<group>"; };
		FF050006 /* GroupStoreTests.swift */ = {isa = PBXFileReference; lastKnownFileType = sourcecode.swift; path = GroupStoreTests.swift; sourceTree = "<group>"; };
		FF050099 /* FeatureIntegrationTests.swift */ = {isa = PBXFileReference; lastKnownFileType = sourcecode.swift; path = FeatureIntegrationTests.swift; sourceTree = "<group>"; };
		L0020002 /* en */ = {isa = PBXFileReference; lastKnownFileType = text.plist.strings; name = en; path = en.lproj/Localizable.strings; sourceTree = "<group>"; };
		TM020001 /* TmuxModels.swift */ = {isa = PBXFileReference; lastKnownFileType = sourcecode.swift; path = TmuxModels.swift; sourceTree = "<group>"; };
		TM020002 /* TmuxConfigStore.swift */ = {isa = PBXFileReference; lastKnownFileType = sourcecode.swift; path = TmuxConfigStore.swift; sourceTree = "<group>"; };
		TM020003 /* TmuxSessionStore.swift */ = {isa = PBXFileReference; lastKnownFileType = sourcecode.swift; path = TmuxSessionStore.swift; sourceTree = "<group>"; };
		TM020004 /* TmuxManagerView.swift */ = {isa = PBXFileReference; lastKnownFileType = sourcecode.swift; path = TmuxManagerView.swift; sourceTree = "<group>"; };
		TM020005 /* TmuxNewSessionSheet.swift */ = {isa = PBXFileReference; lastKnownFileType = sourcecode.swift; path = TmuxNewSessionSheet.swift; sourceTree = "<group>"; };
		CFG020001 /* SSHConfigParser.swift */ = {isa = PBXFileReference; lastKnownFileType = sourcecode.swift; path = SSHConfigParser.swift; sourceTree = "<group>"; };
		CFG020002 /* SSHConfigImportView.swift */ = {isa = PBXFileReference; lastKnownFileType = sourcecode.swift; path = SSHConfigImportView.swift; sourceTree = "<group>"; };
		IEX020001 /* SessionImportExportView.swift */ = {isa = PBXFileReference; lastKnownFileType = sourcecode.swift; path = SessionImportExportView.swift; sourceTree = "<group>"; };
		REC020001 /* SessionRecorder.swift */ = {isa = PBXFileReference; lastKnownFileType = sourcecode.swift; path = SessionRecorder.swift; sourceTree = "<group>"; };
		REC020002 /* RecordingDialogView.swift */ = {isa = PBXFileReference; lastKnownFileType = sourcecode.swift; path = RecordingDialogView.swift; sourceTree = "<group>"; };
		LOG020001 /* LogPanelView.swift */ = {isa = PBXFileReference; lastKnownFileType = sourcecode.swift; path = LogPanelView.swift; sourceTree = "<group>"; };
		SLS020001 /* SessionLogStore.swift */ = {isa = PBXFileReference; lastKnownFileType = sourcecode.swift; path = SessionLogStore.swift; sourceTree = "<group>"; };
		MON020001 /* ServerMonitorPanelView.swift */ = {isa = PBXFileReference; lastKnownFileType = sourcecode.swift; path = ServerMonitorPanelView.swift; sourceTree = "<group>"; };
		CE020001 /* ConnectionErrorView.swift */ = {isa = PBXFileReference; lastKnownFileType = sourcecode.swift; path = ConnectionErrorView.swift; sourceTree = "<group>"; };
		HW020001 /* HotkeyWindowManager.swift */ = {isa = PBXFileReference; lastKnownFileType = sourcecode.swift; path = HotkeyWindowManager.swift; sourceTree = "<group>"; };
/* End PBXFileReference section */

/* Begin PBXVariantGroup section */
		L0020001 /* Localizable.strings */ = {
			isa = PBXVariantGroup;
			children = (
				L0020002 /* en */,
			);
			name = Localizable.strings;
			sourceTree = "<group>";
		};
/* End PBXVariantGroup section */

/* Begin PBXFrameworksBuildPhase section */
		0003000300030001 /* Frameworks */ = {
			isa = PBXFrameworksBuildPhase;
			buildActionMask = 2147483647;
			files = (
				000100010001002B /* libssh2.xcframework in Frameworks */,
				BB010003 /* SwiftTerm in Frameworks */,
			);
			runOnlyForDeploymentPostprocessing = 0;
		};
		FF020002 /* Frameworks */ = {
			isa = PBXFrameworksBuildPhase;
			buildActionMask = 2147483647;
			files = (
			);
			runOnlyForDeploymentPostprocessing = 0;
		};
/* End PBXFrameworksBuildPhase section */

/* Begin PBXGroup section */
		0004000400040001 = {
			isa = PBXGroup;
			children = (
				0004000400040002 /* ShellMate */,
				FF070001 /* ShellMateTests */,
				0004000400040018 /* Frameworks */,
				0004000400040003 /* Products */,
			);
			sourceTree = "<group>";
		};
		0004000400040002 /* ShellMate */ = {
			isa = PBXGroup;
			children = (
				0004000400040004 /* App */,
				0004000400040005 /* Core */,
				0004000400040006 /* Features */,
				0004000400040007 /* Shared */,
				0002000200020007 /* ShellMate.xcdatamodeld */,
				0002000200020005 /* Assets.xcassets */,
				L0020001 /* Localizable.strings */,
				0002000200020022 /* ShellMate.entitlements */,
				0002000200020023 /* Info.plist */,
				0004000400040008 /* Preview Content */,
			);
			path = ShellMate;
			sourceTree = "<group>";
		};
		0004000400040003 /* Products */ = {
			isa = PBXGroup;
			children = (
				0002000200020001 /* ShellMate.app */,
				FF040001 /* ShellMateTests.xctest */,
			);
			name = Products;
			sourceTree = "<group>";
		};
		0004000400040004 /* App */ = {
			isa = PBXGroup;
			children = (
				A4020001 /* AppVariant.swift */,
				0002000200020002 /* ShellMateApp.swift */,
				0002000200020004 /* AppDelegate.swift */,
				0002000200020003 /* ContentView.swift */,
				CV020001 /* ContentViewActions.swift */,
				CV020002 /* ContentViewToolbar.swift */,
				CV020003 /* ContentViewSheets.swift */,
				CV020004 /* ContentViewLifecycleModifier.swift */,
				CV020005 /* WindowAppKitHelpers.swift */,
			);
			path = App;
			sourceTree = "<group>";
		};
		0004000400040005 /* Core */ = {
			isa = PBXGroup;
			children = (
				0004000400040009 /* Models */,
				000400040004000A /* Persistence */,
				0004000400040014 /* Services */,
				000400040004000B /* Stores */,
			);
			path = Core;
			sourceTree = "<group>";
		};
		0004000400040006 /* Features */ = {
			isa = PBXGroup;
			children = (
				000400040004000C /* Sidebar */,
				000400040004000D /* SessionForm */,
				CC030001 /* HostKey */,
				0004000400040016 /* StatusBar */,
				0004000400040015 /* TabBar */,
				000400040004000E /* Terminal */,
				TM030001 /* Tmux */,
				DD030002 /* SFTP */,
				EE030002 /* Tunnel */,
				A3010001 /* Settings */,
				EE030003 /* QuickCommand */,
				AI030001 /* AI */,
				SL030001 /* Scripts */,
				WC030001 /* Welcome */,
				REC030001 /* Recording */,
				LOG030001 /* Logs */,
				HW030001 /* HotkeyWindow */,
			);
			path = Features;
			sourceTree = "<group>";
		};
		0004000400040007 /* Shared */ = {
			isa = PBXGroup;
			children = (
				000400040004000F /* Components */,
				0004000400040010 /* Extensions */,
				0004000400040011 /* Utilities */,
			);
			path = Shared;
			sourceTree = "<group>";
		};
		0004000400040008 /* Preview Content */ = {
			isa = PBXGroup;
			children = (
				0002000200020006 /* Preview Assets.xcassets */,
			);
			path = "Preview Content";
			sourceTree = "<group>";
		};
		0004000400040009 /* Models */ = {
			isa = PBXGroup;
			children = (
				000200020002000B /* Session.swift */,
				000200020002000C /* SessionGroup.swift */,
				0002000200020026 /* TerminalTab.swift */,
				DD020001 /* SFTPModels.swift */,
				EE020001 /* TunnelModels.swift */,
				EE020002 /* QuickCommandModels.swift */,
				SM020001 /* ServerMetrics.swift */,
				TM020001 /* TmuxModels.swift */,
				0004000400040012 /* Enums */,
			);
			path = Models;
			sourceTree = "<group>";
		};
		000400040004000A /* Persistence */ = {
			isa = PBXGroup;
			children = (
				0002000200020008 /* PersistenceController.swift */,
				0004000400040013 /* Repositories */,
			);
			path = Persistence;
			sourceTree = "<group>";
		};
		000400040004000B /* Stores */ = {
			isa = PBXGroup;
			children = (
				000200020002000F /* SessionStore.swift */,
				0002000200020010 /* GroupStore.swift */,
				0002000200020027 /* TabBarStore.swift */,
				EE020007 /* QuickCommandStore.swift */,
				F203BE9FA85F4C38915F48CF /* SyncInputStore.swift */,
				TM020002 /* TmuxConfigStore.swift */,
				TM020003 /* TmuxSessionStore.swift */,
				SLS020001 /* SessionLogStore.swift */,
			);
			path = Stores;
			sourceTree = "<group>";
		};
		000400040004000C /* Sidebar */ = {
			isa = PBXGroup;
			children = (
				0002000200020016 /* SessionSidebarView.swift */,
				0002000200020017 /* SessionListView.swift */,
				0002000200020018 /* SessionRowView.swift */,
				0002000200020019 /* GroupHeaderView.swift */,
				0002000200020031 /* GroupManagerView.swift */,
				000200020002001A /* SidebarSearchView.swift */,
				000200020002001B /* SidebarFooterView.swift */,
			);
			path = Sidebar;
			sourceTree = "<group>";
		};
		000400040004000D /* SessionForm */ = {
			isa = PBXGroup;
			children = (
				000200020002001C /* SessionFormSheet.swift */,
				GF020001 /* GroupFormSheet.swift */,
				000200020002001D /* SessionBasicTab.swift */,
				000200020002001E /* SessionAuthTab.swift */,
				000200020002001F /* SessionAdvancedTab.swift */,
				0002000200020020 /* SessionAppearanceTab.swift */,
				CFG020002 /* SSHConfigImportView.swift */,
				IEX020001 /* SessionImportExportView.swift */,
			);
			path = SessionForm;
			sourceTree = "<group>";
		};
		000400040004000E /* Terminal */ = {
			isa = PBXGroup;
			children = (
				BB020001 /* TerminalController.swift */,
				BB020003 /* TerminalView.swift */,
				LT020001 /* LocalTerminalController.swift */,
				LT020002 /* LocalTerminalView.swift */,
				SP020001 /* SplitSessionPickerView.swift */,
				TP020001 /* TerminalPlaceholderView.swift */,
				TV020001 /* TerminalTextView.swift */,
				BB020005 /* TerminalToolbarView.swift */,
				EE020010 /* ComposePaneView.swift */,
				29FD8E64E3BA412C87BEDBF1 /* SyncInputConfirmView.swift */,
				8B7EE8CDEE4040C38FA27561 /* ShellMateTerminalView.swift */,
				CE020001 /* ConnectionErrorView.swift */,
			);
			path = Terminal;
			sourceTree = "<group>";
		};
		000400040004000F /* Components */ = {
			isa = PBXGroup;
			children = (
				0002000200020013 /* StatusDotView.swift */,
				0002000200020014 /* TagBadgeView.swift */,
				0002000200020015 /* EmptyStateView.swift */,
				CC020001 /* FormComponents.swift */,
				CC020010 /* AppearanceModePickerView.swift */,
			);
			path = Components;
			sourceTree = "<group>";
		};
		0004000400040010 /* Extensions */ = {
			isa = PBXGroup;
			children = (
				0002000200020012 /* Color+Hex.swift */,
				CX020001 /* Collection+SafeSubscript.swift */,
				AC020001 /* AppConstants.swift */,
			);
			path = Extensions;
			sourceTree = "<group>";
		};
		0004000400040011 /* Utilities */ = {
			isa = PBXGroup;
			children = (
				0002000200020011 /* DesignTokens.swift */,
				AA0001000000000000000001 /* AppLogger.swift */,
			);
			path = Utilities;
			sourceTree = "<group>";
		};
		0004000400040012 /* Enums */ = {
			isa = PBXGroup;
			children = (
				0002000200020009 /* AuthMethod.swift */,
				000200020002000A /* ConnectionState.swift */,
			);
			path = Enums;
			sourceTree = "<group>";
		};
		0004000400040013 /* Repositories */ = {
			isa = PBXGroup;
			children = (
				000200020002000D /* SessionRepository.swift */,
				000200020002000E /* GroupRepository.swift */,
			);
			path = Repositories;
			sourceTree = "<group>";
		};
		0004000400040014 /* Services */ = {
			isa = PBXGroup;
			children = (
				0002000200020025 /* KeychainService.swift */,
				A2010007 /* CredentialVault.swift */,
				72E81447E44D4107AD35C4B6 /* HighlightEngine.swift */,
				SM020002 /* ServerMetricsMonitor.swift */,
				CS020002 /* CommandSafetyChecker.swift */,
				NM020001 /* NetworkMonitor.swift */,
				SFP020001 /* SessionFormatParser.swift */,
				AI030003 /* AI */,
				0004000400040017 /* SSH */,
				DD030001 /* SFTP */,
				EE030001 /* PortForwarding */,
				REC030002 /* Recording */,
			);
			path = Services;
			sourceTree = "<group>";
		};
		0004000400040015 /* TabBar */ = {
			isa = PBXGroup;
			children = (
				0002000200020028 /* TerminalTabView.swift */,
				0002000200020029 /* TerminalTabBarView.swift */,
			);
			path = TabBar;
			sourceTree = "<group>";
		};
		0004000400040016 /* StatusBar */ = {
			isa = PBXGroup;
			children = (
				000200020002002A /* TerminalStatusBarView.swift */,
				MON020001 /* ServerMonitorPanelView.swift */,
			);
			path = StatusBar;
			sourceTree = "<group>";
		};
		0004000400040017 /* SSH */ = {
			isa = PBXGroup;
			children = (
				000200020002002B /* SSHError.swift */,
				000200020002002C /* LibSSH2Bridge.swift */,
				000200020002002D /* LibSSH2BridgeReal.swift */,
				000200020002002E /* SSH2Connection.swift */,
				CC020004 /* KnownHostsManager.swift */,
				0002000200020030 /* ShellMate-Bridging-Header.h */,
				FA020001 /* SSHConnection.swift */,
				FA020002 /* SSHSessionConfig.swift */,
				FA020003 /* SSHAuthService.swift */,
				FA020004 /* SSHChannelManager.swift */,
				FA020005 /* SSHEventLoop.swift */,
				FA020006 /* SSHNetworkUtils.swift */,
				FA020007 /* SSHProcessBridge.swift */,
				FA020008 /* SSHProxyJump.swift */,
				CFG020001 /* SSHConfigParser.swift */,
			);
			path = SSH;
			sourceTree = "<group>";
		};
		0004000400040018 /* Frameworks */ = {
			isa = PBXGroup;
			children = (
				000200020002002F /* libssh2.xcframework */,
			);
			name = Frameworks;
			sourceTree = "<group>";
		};
		A3010001 /* Settings */ = {
			isa = PBXGroup;
			children = (
				A2010001 /* HighlightSettingsView.swift */,
				A2010002 /* AppearanceSettingsView.swift */,
				A2010003 /* SecuritySettingsView.swift */,
				A2010004 /* SettingsView.swift */,
				A2010005 /* TerminalSettingsView.swift */,
				A2010006 /* CloudSyncSettingsView.swift */,
				A2010007 /* PasswordManagerView.swift */,
				GS020001 /* GeneralSettingsView.swift */,
				AI020004 /* AISettingsView.swift */,
				CS020001 /* ColorsSettingsView.swift */,
			);
			path = Settings;
			sourceTree = "<group>";
		};
		CC030001 /* HostKey */ = {
			isa = PBXGroup;
			children = (
				CC020002 /* HostKeyConfirmationView.swift */,
				CC020003 /* HostKeyChangedWarningView.swift */,
			);
			path = HostKey;
			sourceTree = "<group>";
		};
		AI030001 /* AI */ = {
			isa = PBXGroup;
			children = (
				AI020002 /* AIAssistantPanelView.swift */,
				AI020003 /* AIErrorDetectiveView.swift */,
				AI020005 /* AISummaryView.swift */,
				AI020006 /* CommandSafetyAlertView.swift */,
			);
			path = AI;
			sourceTree = "<group>";
		};
		AI030003 /* AI */ = {
			isa = PBXGroup;
			children = (
				AI020001 /* AIService.swift */,
			);
			path = AI;
			sourceTree = "<group>";
		};
		SL030001 /* Scripts */ = {
			isa = PBXGroup;
			children = (
				SL020001 /* ScriptModels.swift */,
				SL020002 /* ScriptStore.swift */,
				SL020003 /* ScriptLibraryView.swift */,
				SL020004 /* ScriptEditorSheet.swift */,
			);
			path = Scripts;
			sourceTree = "<group>";
		};
		WC030001 /* Welcome */ = {
			isa = PBXGroup;
			children = (
				WC020001 /* WelcomeScreenView.swift */,
			);
			path = Welcome;
			sourceTree = "<group>";
		};
		REC030001 /* Recording (Features) */ = {
			isa = PBXGroup;
			children = (
				REC020002 /* RecordingDialogView.swift */,
			);
			path = Recording;
			sourceTree = "<group>";
		};
		REC030002 /* Recording (Services) */ = {
			isa = PBXGroup;
			children = (
				REC020001 /* SessionRecorder.swift */,
			);
			path = Recording;
			sourceTree = "<group>";
		};
		LOG030001 /* Logs */ = {
			isa = PBXGroup;
			children = (
				LOG020001 /* LogPanelView.swift */,
			);
			path = Logs;
			sourceTree = "<group>";
		};
		HW030001 /* HotkeyWindow */ = {
			isa = PBXGroup;
			children = (
				HW020001 /* HotkeyWindowManager.swift */,
			);
			path = HotkeyWindow;
			sourceTree = "<group>";
		};
		DD030001 /* SFTP */ = {
			isa = PBXGroup;
			children = (
				DD020002 /* SFTPSession.swift */,
				DD020003 /* SFTPTransferQueue.swift */,
			);
			path = SFTP;
			sourceTree = "<group>";
		};
		DD030002 /* SFTP */ = {
			isa = PBXGroup;
			children = (
				DD020004 /* SFTPPanelView.swift */,
			);
			path = SFTP;
			sourceTree = "<group>";
		};
		EE030001 /* PortForwarding */ = {
			isa = PBXGroup;
			children = (
				EE020003 /* LocalPortForwarder.swift */,
				EE020004 /* RemotePortForwarder.swift */,
				EE020005 /* Socks5Proxy.swift */,
				EE020006 /* TunnelManager.swift */,
			);
			path = PortForwarding;
			sourceTree = "<group>";
		};
		EE030002 /* Tunnel */ = {
			isa = PBXGroup;
			children = (
				EE020008 /* TunnelManagerView.swift */,
			);
			path = Tunnel;
			sourceTree = "<group>";
		};
		EE030003 /* QuickCommand */ = {
			isa = PBXGroup;
			children = (
				EE020009 /* QuickCommandManagerView.swift */,
			);
			path = QuickCommand;
			sourceTree = "<group>";
		};
		TM030001 /* Tmux */ = {
			isa = PBXGroup;
			children = (
				TM020004 /* TmuxManagerView.swift */,
				TM020005 /* TmuxNewSessionSheet.swift */,
			);
			path = Tmux;
			sourceTree = "<group>";
		};
		FF070001 /* ShellMateTests */ = {
			isa = PBXGroup;
			children = (
				FF070002 /* IntegrationTests */,
				FF070003 /* RepositoryTests */,
				FF070004 /* StoreTests */,
			);
			path = ShellMateTests;
			sourceTree = "<group>";
		};
		FF070002 /* IntegrationTests */ = {
			isa = PBXGroup;
			children = (
				FF050001 /* SSHConnectionIntegrationTests.swift */,
				FF050002 /* MemoryLeakTests.swift */,
				FF050099 /* FeatureIntegrationTests.swift */,
			);
			path = IntegrationTests;
			sourceTree = "<group>";
		};
		FF070003 /* RepositoryTests */ = {
			isa = PBXGroup;
			children = (
				FF050003 /* SessionRepositoryTests.swift */,
				FF050004 /* GroupRepositoryTests.swift */,
			);
			path = RepositoryTests;
			sourceTree = "<group>";
		};
		FF070004 /* StoreTests */ = {
			isa = PBXGroup;
			children = (
				FF050005 /* SessionStoreTests.swift */,
				FF050006 /* GroupStoreTests.swift */,
			);
			path = StoreTests;
			sourceTree = "<group>";
		};
/* End PBXGroup section */

/* Begin PBXNativeTarget section */
		0005000500050001 /* ShellMate */ = {
			isa = PBXNativeTarget;
			buildConfigurationList = 0007000700070001 /* Build configuration list for PBXNativeTarget "ShellMate" */;
			buildPhases = (
				0005000500050002 /* Sources */,
				0003000300030001 /* Frameworks */,
				0005000500050003 /* Resources */,
				0003000300030002 /* Embed Frameworks */,
			);
			buildRules = (
			);
			dependencies = (
			);
			name = ShellMate;
			packageProductDependencies = (
				BB010002 /* SwiftTerm */,
			);
			productName = ShellMate;
			productReference = 0002000200020001 /* ShellMate.app */;
			productType = "com.apple.product-type.application";
		};
		FF010001 /* ShellMateTests */ = {
			isa = PBXNativeTarget;
			buildConfigurationList = FF030003 /* Build configuration list for PBXNativeTarget "ShellMateTests" */;
			buildPhases = (
				FF020001 /* Sources */,
				FF020002 /* Frameworks */,
			);
			buildRules = (
			);
			dependencies = (
				FF090001 /* PBXTargetDependency */,
			);
			name = ShellMateTests;
			productName = ShellMateTests;
			productReference = FF040001 /* ShellMateTests.xctest */;
			productType = "com.apple.product-type.bundle.unit-test";
		};
/* End PBXNativeTarget section */

/* Begin PBXProject section */
		0006000600060001 /* Project object */ = {
			isa = PBXProject;
			attributes = {
				BuildIndependentTargetsInParallel = 1;
				LastSwiftUpdateCheck = 1500;
				LastUpgradeCheck = 2630;
				TargetAttributes = {
					0005000500050001 = {
						CreatedOnToolsVersion = 15.0;
					};
					FF010001 = {
						CreatedOnToolsVersion = 15.0;
						TestTargetID = 0005000500050001;
					};
				};
			};
			buildConfigurationList = 0007000700070002 /* Build configuration list for PBXProject "ShellMate" */;
			compatibilityVersion = "Xcode 14.0";
			developmentRegion = "zh-Hans";
			hasScannedForEncodings = 0;
			knownRegions = (
				en,
				Base,
				"zh-Hans",
			);
			mainGroup = 0004000400040001;
			packageReferences = (
				BB010001 /* XCRemoteSwiftPackageReference "SwiftTerm" */,
			);
			productRefGroup = 0004000400040003 /* Products */;
			projectDirPath = "";
			projectRoot = "";
			targets = (
				0005000500050001 /* ShellMate */,
				FF010001 /* ShellMateTests */,
			);
		};
/* End PBXProject section */

/* Begin PBXResourcesBuildPhase section */
		0005000500050003 /* Resources */ = {
			isa = PBXResourcesBuildPhase;
			buildActionMask = 2147483647;
			files = (
				0001000100010004 /* Assets.xcassets in Resources */,
				0001000100010005 /* Preview Assets.xcassets in Resources */,
				L0010001 /* Localizable.strings in Resources */,
			);
			runOnlyForDeploymentPostprocessing = 0;
		};
/* End PBXResourcesBuildPhase section */

/* Begin PBXSourcesBuildPhase section */
		0005000500050002 /* Sources */ = {
			isa = PBXSourcesBuildPhase;
			buildActionMask = 2147483647;
			files = (
				A4010001 /* AppVariant.swift in Sources */,
				0001000100010001 /* ShellMateApp.swift in Sources */,
				0001000100010002 /* ContentView.swift in Sources */,
				0001000100010003 /* AppDelegate.swift in Sources */,
				CV010001 /* ContentViewActions.swift in Sources */,
				CV010002 /* ContentViewToolbar.swift in Sources */,
				CV010003 /* ContentViewSheets.swift in Sources */,
				CV010004 /* ContentViewLifecycleModifier.swift in Sources */,
				CV010005 /* WindowAppKitHelpers.swift in Sources */,
				0001000100010006 /* ShellMate.xcdatamodeld in Sources */,
				0001000100010007 /* PersistenceController.swift in Sources */,
				0001000100010008 /* AuthMethod.swift in Sources */,
				0001000100010009 /* ConnectionState.swift in Sources */,
				000100010001000A /* Session.swift in Sources */,
				000100010001000B /* SessionGroup.swift in Sources */,
				000100010001000C /* SessionRepository.swift in Sources */,
				000100010001000D /* GroupRepository.swift in Sources */,
				000100010001000E /* SessionStore.swift in Sources */,
				000100010001000F /* GroupStore.swift in Sources */,
				0001000100010010 /* DesignTokens.swift in Sources */,
				AA0001000000000000000002 /* AppLogger.swift in Sources */,
				0001000100010011 /* Color+Hex.swift in Sources */,
				CX010001 /* Collection+SafeSubscript.swift in Sources */,
				AC010001 /* AppConstants.swift in Sources */,
				0001000100010012 /* StatusDotView.swift in Sources */,
				0001000100010013 /* TagBadgeView.swift in Sources */,
				0001000100010014 /* EmptyStateView.swift in Sources */,
				0001000100010015 /* SessionSidebarView.swift in Sources */,
				0001000100010016 /* SessionListView.swift in Sources */,
				0001000100010017 /* SessionRowView.swift in Sources */,
				0001000100010018 /* GroupHeaderView.swift in Sources */,
				000100010001002D /* GroupManagerView.swift in Sources */,
				0001000100010019 /* SidebarSearchView.swift in Sources */,
				000100010001001A /* SidebarFooterView.swift in Sources */,
				000100010001001B /* SessionFormSheet.swift in Sources */,
				GF010001 /* GroupFormSheet.swift in Sources */,
				000100010001001C /* SessionBasicTab.swift in Sources */,
				000100010001001D /* SessionAuthTab.swift in Sources */,
				000100010001001E /* SessionAdvancedTab.swift in Sources */,
				000100010001001F /* SessionAppearanceTab.swift in Sources */,
				BB020002 /* TerminalController.swift in Sources */,
				BB020004 /* TerminalView.swift in Sources */,
				BB020006 /* TerminalToolbarView.swift in Sources */,
				LT010001 /* LocalTerminalController.swift in Sources */,
				LT010002 /* LocalTerminalView.swift in Sources */,
				SP010001 /* SplitSessionPickerView.swift in Sources */,
				TP010001 /* TerminalPlaceholderView.swift in Sources */,
				TV010001 /* TerminalTextView.swift in Sources */,
				0001000100010021 /* KeychainService.swift in Sources */,
				A1010007 /* CredentialVault.swift in Sources */,
				SM010001 /* ServerMetrics.swift in Sources */,
				SM010002 /* ServerMetricsMonitor.swift in Sources */,
				CS010002 /* CommandSafetyChecker.swift in Sources */,
				NM010001 /* NetworkMonitor.swift in Sources */,
				SFP010001 /* SessionFormatParser.swift in Sources */,
				AI010001 /* AIService.swift in Sources */,
				AI010002 /* AIAssistantPanelView.swift in Sources */,
				AI010003 /* AIErrorDetectiveView.swift in Sources */,
				AI010005 /* AISummaryView.swift in Sources */,
				AI010006 /* CommandSafetyAlertView.swift in Sources */,
				AI010004 /* AISettingsView.swift in Sources */,
				CS010001 /* ColorsSettingsView.swift in Sources */,
				0001000100010022 /* TerminalTab.swift in Sources */,
				0001000100010023 /* TabBarStore.swift in Sources */,
				0001000100010024 /* TerminalTabView.swift in Sources */,
				0001000100010025 /* TerminalTabBarView.swift in Sources */,
				0001000100010026 /* TerminalStatusBarView.swift in Sources */,
				0001000100010027 /* SSHError.swift in Sources */,
				0001000100010028 /* LibSSH2Bridge.swift in Sources */,
				0001000100010029 /* LibSSH2BridgeReal.swift in Sources */,
				000100010001002A /* SSH2Connection.swift in Sources */,
				CC010001 /* FormComponents.swift in Sources */,
				CC010010 /* AppearanceModePickerView.swift in Sources */,
				CC010002 /* HostKeyConfirmationView.swift in Sources */,
				CC010003 /* HostKeyChangedWarningView.swift in Sources */,
				CC010004 /* KnownHostsManager.swift in Sources */,
				DD010001 /* SFTPModels.swift in Sources */,
				DD010002 /* SFTPSession.swift in Sources */,
				DD010003 /* SFTPTransferQueue.swift in Sources */,
				DD010004 /* SFTPPanelView.swift in Sources */,
				EE010001 /* TunnelModels.swift in Sources */,
				EE010002 /* QuickCommandModels.swift in Sources */,
				EE010003 /* LocalPortForwarder.swift in Sources */,
				EE010004 /* RemotePortForwarder.swift in Sources */,
				EE010005 /* Socks5Proxy.swift in Sources */,
				EE010006 /* TunnelManager.swift in Sources */,
				EE010007 /* QuickCommandStore.swift in Sources */,
				EE010008 /* TunnelManagerView.swift in Sources */,
				EE010009 /* QuickCommandManagerView.swift in Sources */,
				EE010010 /* ComposePaneView.swift in Sources */,
				A1010001 /* HighlightSettingsView.swift in Sources */,
				A1010002 /* AppearanceSettingsView.swift in Sources */,
				A1010003 /* SecuritySettingsView.swift in Sources */,
				A1010004 /* SettingsView.swift in Sources */,
				A1010005 /* TerminalSettingsView.swift in Sources */,
				A1010006 /* CloudSyncSettingsView.swift in Sources */,
				A1010007 /* PasswordManagerView.swift in Sources */,
				GS010001 /* GeneralSettingsView.swift in Sources */,
				SL010001 /* ScriptModels.swift in Sources */,
				SL010002 /* ScriptStore.swift in Sources */,
				SL010003 /* ScriptLibraryView.swift in Sources */,
				SL010004 /* ScriptEditorSheet.swift in Sources */,
				FA010001 /* SSHConnection.swift in Sources */,
				FA010002 /* SSHSessionConfig.swift in Sources */,
				FA010003 /* SSHAuthService.swift in Sources */,
				FA010004 /* SSHChannelManager.swift in Sources */,
				FA010005 /* SSHEventLoop.swift in Sources */,
				FA010006 /* SSHNetworkUtils.swift in Sources */,
				FA010007 /* SSHProcessBridge.swift in Sources */,
				FA010008 /* SSHProxyJump.swift in Sources */,
				CB58174E97934750946FFCAB /* ShellMateTerminalView.swift in Sources */,
				FD0397BF947A490A8E1942CF /* HighlightEngine.swift in Sources */,
				49842E6B49184AE498EDDCBA /* SyncInputStore.swift in Sources */,
				1BAAF01EE41F4AF6ACCDE3C5 /* SyncInputConfirmView.swift in Sources */,
				TM010001 /* TmuxModels.swift in Sources */,
				TM010002 /* TmuxConfigStore.swift in Sources */,
				TM010003 /* TmuxSessionStore.swift in Sources */,
				TM010004 /* TmuxManagerView.swift in Sources */,
				TM010005 /* TmuxNewSessionSheet.swift in Sources */,
				WC010001 /* WelcomeScreenView.swift in Sources */,
				CFG010001 /* SSHConfigParser.swift in Sources */,
				CFG010002 /* SSHConfigImportView.swift in Sources */,
				IEX010001 /* SessionImportExportView.swift in Sources */,
				REC010001 /* SessionRecorder.swift in Sources */,
				REC010002 /* RecordingDialogView.swift in Sources */,
				LOG010001 /* LogPanelView.swift in Sources */,
				SLS010001 /* SessionLogStore.swift in Sources */,
				MON010001 /* ServerMonitorPanelView.swift in Sources */,
				CE010001 /* ConnectionErrorView.swift in Sources */,
				HW010001 /* HotkeyWindowManager.swift in Sources */,
			);
			runOnlyForDeploymentPostprocessing = 0;
		};
		FF020001 /* Sources */ = {
			isa = PBXSourcesBuildPhase;
			buildActionMask = 2147483647;
			files = (
				FF060001 /* SSHConnectionIntegrationTests.swift in Sources */,
				FF060002 /* MemoryLeakTests.swift in Sources */,
				FF060099 /* FeatureIntegrationTests.swift in Sources */,
				FF060003 /* SessionRepositoryTests.swift in Sources */,
				FF060004 /* GroupRepositoryTests.swift in Sources */,
				FF060005 /* SessionStoreTests.swift in Sources */,
				FF060006 /* GroupStoreTests.swift in Sources */,
			);
			runOnlyForDeploymentPostprocessing = 0;
		};
/* End PBXSourcesBuildPhase section */

/* Begin PBXTargetDependency section */
		FF090001 /* PBXTargetDependency */ = {
			isa = PBXTargetDependency;
			target = 0005000500050001 /* ShellMate */;
			targetProxy = FF080001 /* PBXContainerItemProxy */;
		};
/* End PBXTargetDependency section */

/* Begin XCBuildConfiguration section */
		0008000800080001 /* Debug */ = {
			isa = XCBuildConfiguration;
			buildSettings = {
				ALWAYS_SEARCH_USER_PATHS = NO;
				ASSETCATALOG_COMPILER_GENERATE_SWIFT_ASSET_SYMBOL_EXTENSIONS = YES;
				CLANG_ANALYZER_LOCALIZABILITY_NONLOCALIZED = YES;
				CLANG_ANALYZER_NONNULL = YES;
				CLANG_ANALYZER_NUMBER_OBJECT_CONVERSION = YES_AGGRESSIVE;
				CLANG_CXX_LANGUAGE_STANDARD = "gnu++20";
				CLANG_ENABLE_MODULES = YES;
				CLANG_ENABLE_OBJC_ARC = YES;
				CLANG_ENABLE_OBJC_WEAK = YES;
				CLANG_WARN_BLOCK_CAPTURE_AUTORELEASING = YES;
				CLANG_WARN_BOOL_CONVERSION = YES;
				CLANG_WARN_COMMA = YES;
				CLANG_WARN_CONSTANT_CONVERSION = YES;
				CLANG_WARN_DEPRECATED_OBJC_IMPLEMENTATIONS = YES;
				CLANG_WARN_DIRECT_OBJC_ISA_USAGE = YES_ERROR;
				CLANG_WARN_DOCUMENTATION_COMMENTS = YES;
				CLANG_WARN_EMPTY_BODY = YES;
				CLANG_WARN_ENUM_CONVERSION = YES;
				CLANG_WARN_INFINITE_RECURSION = YES;
				CLANG_WARN_INT_CONVERSION = YES;
				CLANG_WARN_NON_LITERAL_NULL_CONVERSION = YES;
				CLANG_WARN_OBJC_IMPLICIT_RETAIN_SELF = YES;
				CLANG_WARN_OBJC_LITERAL_CONVERSION = YES;
				CLANG_WARN_OBJC_ROOT_CLASS = YES_ERROR;
				CLANG_WARN_QUOTED_INCLUDE_IN_FRAMEWORK_HEADER = YES;
				CLANG_WARN_RANGE_LOOP_ANALYSIS = YES;
				CLANG_WARN_STRICT_PROTOTYPES = YES;
				CLANG_WARN_SUSPICIOUS_MOVE = YES;
				CLANG_WARN_UNGUARDED_AVAILABILITY = YES_AGGRESSIVE;
				CLANG_WARN_UNREACHABLE_CODE = YES;
				CLANG_WARN__DUPLICATE_METHOD_MATCH = YES;
				COPY_PHASE_STRIP = NO;
				DEAD_CODE_STRIPPING = YES;
				DEBUG_INFORMATION_FORMAT = dwarf;
				ENABLE_STRICT_OBJC_MSGSEND = YES;
				ENABLE_TESTABILITY = YES;
				ENABLE_USER_SCRIPT_SANDBOXING = YES;
				GCC_C_LANGUAGE_STANDARD = gnu17;
				GCC_DYNAMIC_NO_PIC = NO;
				GCC_NO_COMMON_BLOCKS = YES;
				GCC_OPTIMIZATION_LEVEL = 0;
				GCC_PREPROCESSOR_DEFINITIONS = (
					"DEBUG=1",
					"$(inherited)",
				);
				GCC_WARN_64_TO_32_BIT_CONVERSION = YES;
				GCC_WARN_ABOUT_RETURN_TYPE = YES_ERROR;
				GCC_WARN_UNDECLARED_SELECTOR = YES;
				GCC_WARN_UNINITIALIZED_AUTOS = YES_AGGRESSIVE;
				GCC_WARN_UNUSED_FUNCTION = YES;
				GCC_WARN_UNUSED_VARIABLE = YES;
				MACOSX_DEPLOYMENT_TARGET = 13.0;
				MTL_ENABLE_DEBUG_INFO = INCLUDE_SOURCE;
				MTL_FAST_MATH = YES;
				ONLY_ACTIVE_ARCH = YES;
				SDKROOT = macosx;
				STRING_CATALOG_GENERATE_SYMBOLS = YES;
				SWIFT_ACTIVE_COMPILATION_CONDITIONS = "DEBUG $(inherited)";
				SWIFT_OPTIMIZATION_LEVEL = "-Onone";
			};
			name = Debug;
		};
		0008000800080002 /* Release */ = {
			isa = XCBuildConfiguration;
			buildSettings = {
				ALWAYS_SEARCH_USER_PATHS = NO;
				ASSETCATALOG_COMPILER_GENERATE_SWIFT_ASSET_SYMBOL_EXTENSIONS = YES;
				CLANG_ANALYZER_LOCALIZABILITY_NONLOCALIZED = YES;
				CLANG_ANALYZER_NONNULL = YES;
				CLANG_ANALYZER_NUMBER_OBJECT_CONVERSION = YES_AGGRESSIVE;
				CLANG_CXX_LANGUAGE_STANDARD = "gnu++20";
				CLANG_ENABLE_MODULES = YES;
				CLANG_ENABLE_OBJC_ARC = YES;
				CLANG_ENABLE_OBJC_WEAK = YES;
				CLANG_WARN_BLOCK_CAPTURE_AUTORELEASING = YES;
				CLANG_WARN_BOOL_CONVERSION = YES;
				CLANG_WARN_COMMA = YES;
				CLANG_WARN_CONSTANT_CONVERSION = YES;
				CLANG_WARN_DEPRECATED_OBJC_IMPLEMENTATIONS = YES;
				CLANG_WARN_DIRECT_OBJC_ISA_USAGE = YES_ERROR;
				CLANG_WARN_DOCUMENTATION_COMMENTS = YES;
				CLANG_WARN_EMPTY_BODY = YES;
				CLANG_WARN_ENUM_CONVERSION = YES;
				CLANG_WARN_INFINITE_RECURSION = YES;
				CLANG_WARN_INT_CONVERSION = YES;
				CLANG_WARN_NON_LITERAL_NULL_CONVERSION = YES;
				CLANG_WARN_OBJC_IMPLICIT_RETAIN_SELF = YES;
				CLANG_WARN_OBJC_LITERAL_CONVERSION = YES;
				CLANG_WARN_OBJC_ROOT_CLASS = YES_ERROR;
				CLANG_WARN_QUOTED_INCLUDE_IN_FRAMEWORK_HEADER = YES;
				CLANG_WARN_RANGE_LOOP_ANALYSIS = YES;
				CLANG_WARN_STRICT_PROTOTYPES = YES;
				CLANG_WARN_SUSPICIOUS_MOVE = YES;
				CLANG_WARN_UNGUARDED_AVAILABILITY = YES_AGGRESSIVE;
				CLANG_WARN_UNREACHABLE_CODE = YES;
				CLANG_WARN__DUPLICATE_METHOD_MATCH = YES;
				COPY_PHASE_STRIP = NO;
				DEAD_CODE_STRIPPING = YES;
				DEBUG_INFORMATION_FORMAT = "dwarf-with-dsym";
				ENABLE_NS_ASSERTIONS = NO;
				ENABLE_STRICT_OBJC_MSGSEND = YES;
				ENABLE_USER_SCRIPT_SANDBOXING = YES;
				GCC_C_LANGUAGE_STANDARD = gnu17;
				GCC_NO_COMMON_BLOCKS = YES;
				GCC_WARN_64_TO_32_BIT_CONVERSION = YES;
				GCC_WARN_ABOUT_RETURN_TYPE = YES_ERROR;
				GCC_WARN_UNDECLARED_SELECTOR = YES;
				GCC_WARN_UNINITIALIZED_AUTOS = YES_AGGRESSIVE;
				GCC_WARN_UNUSED_FUNCTION = YES;
				GCC_WARN_UNUSED_VARIABLE = YES;
				MACOSX_DEPLOYMENT_TARGET = 13.0;
				MTL_ENABLE_DEBUG_INFO = NO;
				MTL_FAST_MATH = YES;
				SDKROOT = macosx;
				STRING_CATALOG_GENERATE_SYMBOLS = YES;
				SWIFT_COMPILATION_MODE = wholemodule;
			};
			name = Release;
		};
		0008000800080003 /* Debug */ = {
			isa = XCBuildConfiguration;
			buildSettings = {
				ASSETCATALOG_COMPILER_APPICON_NAME = AppIcon;
				ASSETCATALOG_COMPILER_GLOBAL_ACCENT_COLOR_NAME = AccentColor;
				ASSETCATALOG_COMPILER_INCLUDE_ALL_APPICON_ASSETS = NO;
				CODE_SIGN_ENTITLEMENTS = ShellMate/ShellMate.entitlements;
				CODE_SIGN_STYLE = Automatic;
				COMBINE_HIDPI_IMAGES = YES;
				CURRENT_PROJECT_VERSION = 1;
				DEAD_CODE_STRIPPING = YES;
				DEVELOPMENT_ASSET_PATHS = "\"ShellMate/Preview Content\"";
				ENABLE_APP_SANDBOX = YES;
				ENABLE_OUTGOING_NETWORK_CONNECTIONS = YES;
				ENABLE_PREVIEWS = YES;
				ENABLE_USER_SELECTED_FILES = readwrite;
				FRAMEWORK_SEARCH_PATHS = (
					"$(inherited)",
					"$(PROJECT_DIR)/../Frameworks/libssh2.xcframework/macos-arm64_x86_64",
				);
				GENERATE_INFOPLIST_FILE = YES;
				HEADER_SEARCH_PATHS = (
					"$(inherited)",
					"$(PROJECT_DIR)/../Frameworks/libssh2.xcframework/macos-arm64_x86_64/libssh2.framework/Headers",
				);
				INFOPLIST_FILE = ShellMate/Info.plist;
				INFOPLIST_KEY_CFBundleDisplayName = ShellMate;
				INFOPLIST_KEY_LSApplicationCategoryType = "public.app-category.developer-tools";
				INFOPLIST_KEY_NSHumanReadableCopyright = "";
				LD_RUNPATH_SEARCH_PATHS = (
					"$(inherited)",
					"@executable_path/../Frameworks",
				);
				MARKETING_VERSION = 1.0;
				OTHER_LDFLAGS = (
					"$(inherited)",
					"-lz",
				);
				PRODUCT_BUNDLE_IDENTIFIER = app.shellmate;
				PRODUCT_NAME = "$(TARGET_NAME)";
				SWIFT_EMIT_LOC_STRINGS = YES;
				SWIFT_OBJC_BRIDGING_HEADER = "ShellMate/Core/Services/SSH/ShellMate-Bridging-Header.h";
				SWIFT_VERSION = 5.0;
			};
			name = Debug;
		};
		0008000800080004 /* Release */ = {
			isa = XCBuildConfiguration;
			buildSettings = {
				ASSETCATALOG_COMPILER_APPICON_NAME = AppIcon;
				ASSETCATALOG_COMPILER_GLOBAL_ACCENT_COLOR_NAME = AccentColor;
				ASSETCATALOG_COMPILER_INCLUDE_ALL_APPICON_ASSETS = NO;
				CODE_SIGN_ENTITLEMENTS = ShellMate/ShellMate.entitlements;
				CODE_SIGN_STYLE = Automatic;
				COMBINE_HIDPI_IMAGES = YES;
				CURRENT_PROJECT_VERSION = 1;
				DEAD_CODE_STRIPPING = YES;
				DEVELOPMENT_ASSET_PATHS = "\"ShellMate/Preview Content\"";
				ENABLE_APP_SANDBOX = YES;
				ENABLE_OUTGOING_NETWORK_CONNECTIONS = YES;
				ENABLE_PREVIEWS = YES;
				ENABLE_USER_SELECTED_FILES = readwrite;
				FRAMEWORK_SEARCH_PATHS = (
					"$(inherited)",
					"$(PROJECT_DIR)/../Frameworks/libssh2.xcframework/macos-arm64_x86_64",
				);
				GENERATE_INFOPLIST_FILE = YES;
				HEADER_SEARCH_PATHS = (
					"$(inherited)",
					"$(PROJECT_DIR)/../Frameworks/libssh2.xcframework/macos-arm64_x86_64/libssh2.framework/Headers",
				);
				INFOPLIST_FILE = ShellMate/Info.plist;
				INFOPLIST_KEY_CFBundleDisplayName = ShellMate;
				INFOPLIST_KEY_LSApplicationCategoryType = "public.app-category.developer-tools";
				INFOPLIST_KEY_NSHumanReadableCopyright = "";
				LD_RUNPATH_SEARCH_PATHS = (
					"$(inherited)",
					"@executable_path/../Frameworks",
				);
				MARKETING_VERSION = 1.0;
				OTHER_LDFLAGS = (
					"$(inherited)",
					"-lz",
				);
				PRODUCT_BUNDLE_IDENTIFIER = app.shellmate;
				PRODUCT_NAME = "$(TARGET_NAME)";
				SWIFT_EMIT_LOC_STRINGS = YES;
				SWIFT_OBJC_BRIDGING_HEADER = "ShellMate/Core/Services/SSH/ShellMate-Bridging-Header.h";
				SWIFT_VERSION = 5.0;
			};
			name = Release;
		};
		FF030001 /* Debug */ = {
			isa = XCBuildConfiguration;
			buildSettings = {
				BUNDLE_LOADER = "$(TEST_HOST)";
				FRAMEWORK_SEARCH_PATHS = (
					"$(inherited)",
					"$(PROJECT_DIR)/../Frameworks/libssh2.xcframework/macos-arm64_x86_64",
				);
				GENERATE_INFOPLIST_FILE = YES;
				HEADER_SEARCH_PATHS = (
					"$(inherited)",
					"$(PROJECT_DIR)/../Frameworks/libssh2.xcframework/macos-arm64_x86_64/libssh2.framework/Headers",
				);
				MACOSX_DEPLOYMENT_TARGET = 13.0;
				OTHER_LDFLAGS = (
					"$(inherited)",
					"-lz",
				);
				PRODUCT_BUNDLE_IDENTIFIER = app.shellmate.tests;
				PRODUCT_NAME = "$(TARGET_NAME)";
				SDKROOT = macosx;
				SWIFT_OBJC_BRIDGING_HEADER = "ShellMate/Core/Services/SSH/ShellMate-Bridging-Header.h";
				SWIFT_VERSION = 5.0;
				TEST_HOST = "$(BUILT_PRODUCTS_DIR)/ShellMate.app/Contents/MacOS/ShellMate";
			};
			name = Debug;
		};
		FF030002 /* Release */ = {
			isa = XCBuildConfiguration;
			buildSettings = {
				BUNDLE_LOADER = "$(TEST_HOST)";
				FRAMEWORK_SEARCH_PATHS = (
					"$(inherited)",
					"$(PROJECT_DIR)/../Frameworks/libssh2.xcframework/macos-arm64_x86_64",
				);
				GENERATE_INFOPLIST_FILE = YES;
				HEADER_SEARCH_PATHS = (
					"$(inherited)",
					"$(PROJECT_DIR)/../Frameworks/libssh2.xcframework/macos-arm64_x86_64/libssh2.framework/Headers",
				);
				MACOSX_DEPLOYMENT_TARGET = 13.0;
				OTHER_LDFLAGS = (
					"$(inherited)",
					"-lz",
				);
				PRODUCT_BUNDLE_IDENTIFIER = app.shellmate.tests;
				PRODUCT_NAME = "$(TARGET_NAME)";
				SDKROOT = macosx;
				SWIFT_OBJC_BRIDGING_HEADER = "ShellMate/Core/Services/SSH/ShellMate-Bridging-Header.h";
				SWIFT_VERSION = 5.0;
				TEST_HOST = "$(BUILT_PRODUCTS_DIR)/ShellMate.app/Contents/MacOS/ShellMate";
			};
			name = Release;
		};
/* End XCBuildConfiguration section */

/* Begin XCConfigurationList section */
		0007000700070001 /* Build configuration list for PBXNativeTarget "ShellMate" */ = {
			isa = XCConfigurationList;
			buildConfigurations = (
				0008000800080003 /* Debug */,
				0008000800080004 /* Release */,
			);
			defaultConfigurationIsVisible = 0;
			defaultConfigurationName = Release;
		};
		0007000700070002 /* Build configuration list for PBXProject "ShellMate" */ = {
			isa = XCConfigurationList;
			buildConfigurations = (
				0008000800080001 /* Debug */,
				0008000800080002 /* Release */,
			);
			defaultConfigurationIsVisible = 0;
			defaultConfigurationName = Release;
		};
		FF030003 /* Build configuration list for PBXNativeTarget "ShellMateTests" */ = {
			isa = XCConfigurationList;
			buildConfigurations = (
				FF030001 /* Debug */,
				FF030002 /* Release */,
			);
			defaultConfigurationIsVisible = 0;
			defaultConfigurationName = Release;
		};
/* End XCConfigurationList section */

/* Begin XCRemoteSwiftPackageReference section */
		BB010001 /* XCRemoteSwiftPackageReference "SwiftTerm" */ = {
			isa = XCRemoteSwiftPackageReference;
			repositoryURL = "https://github.com/migueldeicaza/SwiftTerm";
			requirement = {
				kind = upToNextMajorVersion;
				minimumVersion = 1.0.0;
			};
		};
/* End XCRemoteSwiftPackageReference section */

/* Begin XCSwiftPackageProductDependency section */
		BB010002 /* SwiftTerm */ = {
			isa = XCSwiftPackageProductDependency;
			package = BB010001 /* XCRemoteSwiftPackageReference "SwiftTerm" */;
			productName = SwiftTerm;
		};
/* End XCSwiftPackageProductDependency section */

/* Begin XCVersionGroup section */
		0002000200020007 /* ShellMate.xcdatamodeld */ = {
			isa = XCVersionGroup;
			children = (
				0002000200020024 /* ShellMate.xcdatamodel */,
			);
			currentVersion = 0002000200020024 /* ShellMate.xcdatamodel */;
			path = ShellMate.xcdatamodeld;
			sourceTree = "<group>";
			versionGroupType = wrapper.xcdatamodel;
		};
/* End XCVersionGroup section */
	};
	rootObject = 0006000600060001 /* Project object */;
}
